{
  "requires": true,
  "lockfileVersion": 1,
  "dependencies": {
    "@types/mysql": {
      "version": "github:types/mysql#c26b1bc2bac17010081455e3127a90fb2eafcec9",
      "from": "github:types/mysql"
    },
    "@types/mysql2": {
      "version": "github:types/mysql2#d4ef3b2292f328049f7e4c545f6adab7d6a350a9",
      "from": "github:types/mysql2",
      "requires": {
        "@types/mysql": "github:types/mysql"
      }
    }
  }
}
